
Microsoft Visual Studio Solution File, Format Version 12.00
# Visual Studio Version 17
VisualStudioVersion = 17.11.35208.52
MinimumVisualStudioVersion = 10.0.40219.1
Project("{FAE04EC0-301F-11D3-BF4B-00C04F79EFBC}") = "Tutorial3_1", "Tutorial3_1\Tutorial3_1.csproj", "{05CA5B5A-D06C-4071-950C-400BFB476D6B}"
EndProject
Global
	GlobalSection(SolutionConfigurationPlatforms) = preSolution
		Debug|Any CPU = Debug|Any CPU
		Release|Any CPU = Release|Any CPU
	EndGlobalSection
	GlobalSection(ProjectConfigurationPlatforms) = postSolution
		{05CA5B5A-D06C-4071-950C-400BFB476D6B}.Debug|Any CPU.ActiveCfg = Debug|Any CPU
		{05CA5B5A-D06C-4071-950C-400BFB476D6B}.Debug|Any CPU.Build.0 = Debug|Any CPU
		{05CA5B5A-D06C-4071-950C-400BFB476D6B}.Release|Any CPU.ActiveCfg = Release|Any CPU
		{05CA5B5A-D06C-4071-950C-400BFB476D6B}.Release|Any CPU.Build.0 = Release|Any CPU
	EndGlobalSection
	GlobalSection(SolutionProperties) = preSolution
		HideSolutionNode = FALSE
	EndGlobalSection
	GlobalSection(ExtensibilityGlobals) = postSolution
		SolutionGuid = {D5BBFD68-13AB-43A4-95F2-00E5FA4F6CC5}
	EndGlobalSection
EndGlobal
