
Microsoft Visual Studio Solution File, Format Version 12.00
# Visual Studio Version 17
VisualStudioVersion = 17.11.35208.52
MinimumVisualStudioVersion = 10.0.40219.1
Project("{FAE04EC0-301F-11D3-BF4B-00C04F79EFBC}") = "checkBoxDEmo", "checkBoxDEmo\checkBoxDEmo.csproj", "{3C0AEA60-FB54-430E-8021-9CB5DD97681B}"
EndProject
Global
	GlobalSection(SolutionConfigurationPlatforms) = preSolution
		Debug|Any CPU = Debug|Any CPU
		Release|Any CPU = Release|Any CPU
	EndGlobalSection
	GlobalSection(ProjectConfigurationPlatforms) = postSolution
		{3C0AEA60-FB54-430E-8021-9CB5DD97681B}.Debug|Any CPU.ActiveCfg = Debug|Any CPU
		{3C0AEA60-FB54-430E-8021-9CB5DD97681B}.Debug|Any CPU.Build.0 = Debug|Any CPU
		{3C0AEA60-FB54-430E-8021-9CB5DD97681B}.Release|Any CPU.ActiveCfg = Release|Any CPU
		{3C0AEA60-FB54-430E-8021-9CB5DD97681B}.Release|Any CPU.Build.0 = Release|Any CPU
	EndGlobalSection
	GlobalSection(SolutionProperties) = preSolution
		HideSolutionNode = FALSE
	EndGlobalSection
	GlobalSection(ExtensibilityGlobals) = postSolution
		SolutionGuid = {48C5219E-3047-4A21-AA03-F217FEE8FF87}
	EndGlobalSection
EndGlobal
